
Microsoft Visual Studio Solution File, Format Version 12.00
# Visual Studio Version 16
VisualStudioVersion = 16.0.29102.190
MinimumVisualStudioVersion = 10.0.40219.1
Project("{FAE04EC0-301F-11D3-BF4B-00C04F79EFBC}") = "EFSamurai.Data", "EFSamurai.Data\EFSamurai.Data.csproj", "{BBE076CF-2FD8-4C08-892F-42639F555468}"
EndProject
Project("{FAE04EC0-301F-11D3-BF4B-00C04F79EFBC}") = "EFSamurai.Domain", "EFSamurai.Domain\EFSamurai.Domain.csproj", "{342699F4-4698-4270-ADD4-9DAC45328AE4}"
EndProject
Global
	GlobalSection(SolutionConfigurationPlatforms) = preSolution
		Debug|Any CPU = Debug|Any CPU
		Release|Any CPU = Release|Any CPU
	EndGlobalSection
	GlobalSection(ProjectConfigurationPlatforms) = postSolution
		{BBE076CF-2FD8-4C08-892F-42639F555468}.Debug|Any CPU.ActiveCfg = Debug|Any CPU
		{BBE076CF-2FD8-4C08-892F-42639F555468}.Debug|Any CPU.Build.0 = Debug|Any CPU
		{BBE076CF-2FD8-4C08-892F-42639F555468}.Release|Any CPU.ActiveCfg = Release|Any CPU
		{BBE076CF-2FD8-4C08-892F-42639F555468}.Release|Any CPU.Build.0 = Release|Any CPU
		{342699F4-4698-4270-ADD4-9DAC45328AE4}.Debug|Any CPU.ActiveCfg = Debug|Any CPU
		{342699F4-4698-4270-ADD4-9DAC45328AE4}.Debug|Any CPU.Build.0 = Debug|Any CPU
		{342699F4-4698-4270-ADD4-9DAC45328AE4}.Release|Any CPU.ActiveCfg = Release|Any CPU
		{342699F4-4698-4270-ADD4-9DAC45328AE4}.Release|Any CPU.Build.0 = Release|Any CPU
	EndGlobalSection
	GlobalSection(SolutionProperties) = preSolution
		HideSolutionNode = FALSE
	EndGlobalSection
	GlobalSection(ExtensibilityGlobals) = postSolution
		SolutionGuid = {D310A488-A3C6-43B1-9CDE-EC5F93B345C9}
	EndGlobalSection
EndGlobal
